
Microsoft Visual Studio Solution File, Format Version 12.00
# Visual Studio Version 17
VisualStudioVersion = 17.0.31903.59
MinimumVisualStudioVersion = 10.0.40219.1
Project("{2150E333-8FDC-42A3-9474-1A3956D46DE8}") = "src", "src", "{9AB1190B-AC85-45DF-89B8-17C6EAA4A3EA}"
EndProject
Project("{2150E333-8FDC-42A3-9474-1A3956D46DE8}") = "Investiments", "Investiments", "{FA048A95-B928-41D5-B1AF-1A82630FC339}"
EndProject
Project("{2150E333-8FDC-42A3-9474-1A3956D46DE8}") = "Bonds", "Bonds", "{CCB307D0-76B5-4B02-A083-C30FDA8686B4}"
EndProject
Project("{2150E333-8FDC-42A3-9474-1A3956D46DE8}") = "Stocks", "Stocks", "{A812C72C-42E7-4AEC-9B29-ECC95427F819}"
EndProject
Project("{2150E333-8FDC-42A3-9474-1A3956D46DE8}") = "Wallets", "Wallets", "{92E21683-1AAB-4571-BA96-AD82F6119C25}"
EndProject
Project("{2150E333-8FDC-42A3-9474-1A3956D46DE8}") = "Infra", "Infra", "{AED1358D-6251-44C8-8F61-DA5F65D1DAF9}"
EndProject
Project("{9A19103F-16F7-4668-BE54-9A1E7A4F7556}") = "Data", "src\Data\Data.csproj", "{786298F8-5837-4651-91A4-D4F37CD8EC6D}"
EndProject
Project("{9A19103F-16F7-4668-BE54-9A1E7A4F7556}") = "CrossCutting.DependencyInjection", "src\CrossCutting.DependencyInjection\CrossCutting.DependencyInjection.csproj", "{D983FE28-1BDD-48E7-B18B-D3EDB755DB2A}"
EndProject
Project("{2150E333-8FDC-42A3-9474-1A3956D46DE8}") = "Presentations", "Presentations", "{AE251FCB-B538-450F-9867-4C4E5E6822F6}"
EndProject
Project("{2150E333-8FDC-42A3-9474-1A3956D46DE8}") = "BuildingBlocks", "BuildingBlocks", "{99F139CC-66A7-4133-BAC4-D60877F3FB2D}"
EndProject
Project("{2150E333-8FDC-42A3-9474-1A3956D46DE8}") = "Solution Items", "Solution Items", "{DE24FC74-7FEE-4B7F-83D3-006AB2E268D2}"
	ProjectSection(SolutionItems) = preProject
		.editorconfig = .editorconfig
		Directory.Packages.props = Directory.Packages.props
		README.md = README.md
	EndProjectSection
EndProject
Project("{9A19103F-16F7-4668-BE54-9A1E7A4F7556}") = "Core.Domain", "src\Core.Domain\Core.Domain.csproj", "{9AF56747-4FB7-4540-BE14-8D92E8E06225}"
EndProject
Project("{9A19103F-16F7-4668-BE54-9A1E7A4F7556}") = "Core.Application", "src\Core.Application\Core.Application.csproj", "{3625D455-84D4-4303-A3D7-16A3FCC83603}"
EndProject
Project("{9A19103F-16F7-4668-BE54-9A1E7A4F7556}") = "Wallets.Domain", "src\Wallets.Domain\Wallets.Domain.csproj", "{804C8AE7-ABBA-4FE4-B363-A29FD490E527}"
EndProject
Project("{9A19103F-16F7-4668-BE54-9A1E7A4F7556}") = "Stocks.Domain", "src\Stocks.Domain\Stocks.Domain.csproj", "{90D4708E-27CD-41AD-A2E1-F4DA403FC8C1}"
EndProject
Project("{9A19103F-16F7-4668-BE54-9A1E7A4F7556}") = "Bonds.Domain", "src\Bonds.Domain\Bonds.Domain.csproj", "{980F0450-7345-4280-BE2E-EAD97710FF90}"
EndProject
Project("{9A19103F-16F7-4668-BE54-9A1E7A4F7556}") = "Stocks.Application", "src\Stocks.Application\Stocks.Application.csproj", "{F3397745-2000-4539-80E6-5D534F6146F8}"
EndProject
Project("{9A19103F-16F7-4668-BE54-9A1E7A4F7556}") = "Investiments.Application", "src\Investiments.Application\Investiments.Application.csproj", "{BE9E7754-A74C-4A9A-88B0-93B88697C4BB}"
EndProject
Project("{9A19103F-16F7-4668-BE54-9A1E7A4F7556}") = "Bonds.Application", "src\Bonds.Application\Bonds.Application.csproj", "{6C36E329-A7C7-4F17-A3B1-2ED301817DF1}"
EndProject
Project("{9A19103F-16F7-4668-BE54-9A1E7A4F7556}") = "Wallets.Application", "src\Wallets.Application\Wallets.Application.csproj", "{AADEC010-4BC1-4A68-BA4F-9917CA22B514}"
EndProject
Project("{9A19103F-16F7-4668-BE54-9A1E7A4F7556}") = "WebApp", "src\WebApp\WebApp.csproj", "{E4A5E0BA-1142-4B7D-8D6E-81049C985031}"
EndProject
Project("{9A19103F-16F7-4668-BE54-9A1E7A4F7556}") = "Investiments.Domain", "src\Investiments.Domain\Investiments.Domain.csproj", "{EBE366E0-0626-4C3B-AB45-093FD1E089F0}"
EndProject
Project("{9A19103F-16F7-4668-BE54-9A1E7A4F7556}") = "Core.RestApi", "src\Core.RestApi\Core.RestApi.csproj", "{29E8EDDF-189C-45C7-B685-99FD93D04DEB}"
EndProject
Project("{9A19103F-16F7-4668-BE54-9A1E7A4F7556}") = "Bonds.RestApi", "src\Bonds.RestApi\Bonds.RestApi.csproj", "{F16A7FBE-6B02-4429-A1B5-1CA368B73406}"
EndProject
Project("{9A19103F-16F7-4668-BE54-9A1E7A4F7556}") = "Wallets.RestApi", "src\Wallets.RestApi\Wallets.RestApi.csproj", "{D6BCC499-2BEA-4EE6-BBA6-9A3EE042F8C5}"
EndProject
Project("{9A19103F-16F7-4668-BE54-9A1E7A4F7556}") = "Stocks.RestApi", "src\Stocks.RestApi\Stocks.RestApi.csproj", "{4A6E1269-FC03-4C7E-B171-3342C05DD428}"
EndProject
Project("{9A19103F-16F7-4668-BE54-9A1E7A4F7556}") = "Investiments.RestApi", "src\Investiments.RestApi\Investiments.RestApi.csproj", "{D1BC9F87-55CE-48E7-A544-43F5D497E7BF}"
EndProject
Project("{2150E333-8FDC-42A3-9474-1A3956D46DE8}") = "test", "test", "{DFF25B1E-2085-42D3-AB6C-DBA76EB05848}"
EndProject
Project("{9A19103F-16F7-4668-BE54-9A1E7A4F7556}") = "Bonds.Application.UnitTests", "test\Bonds.Application.UnitTests\Bonds.Application.UnitTests.csproj", "{74719448-1D0D-4064-909C-A1A779FCF316}"
EndProject
Project("{2150E333-8FDC-42A3-9474-1A3956D46DE8}") = "Bonds", "Bonds", "{2B767C58-FC6A-40F5-B7B4-091010C1F129}"
EndProject
Project("{2150E333-8FDC-42A3-9474-1A3956D46DE8}") = "Wallets", "Wallets", "{B6827371-A881-4F42-82A6-8005209424EF}"
EndProject
Project("{9A19103F-16F7-4668-BE54-9A1E7A4F7556}") = "Wallets.Application.UnitTests", "test\Wallets.Application.UnitTests\Wallets.Application.UnitTests.csproj", "{68BF0885-E9D2-4AD3-A4E9-D894EFF0054D}"
EndProject
Project("{2150E333-8FDC-42A3-9474-1A3956D46DE8}") = "Stocks", "Stocks", "{E4ED6199-B5A7-4E9B-B343-A5854B89F160}"
EndProject
Project("{9A19103F-16F7-4668-BE54-9A1E7A4F7556}") = "Stocks.Application.UnitTests", "test\Stocks.Application.UnitTests\Stocks.Application.UnitTests.csproj", "{05656916-6E75-4C08-AD3D-75DFB1A6A252}"
EndProject
Project("{2150E333-8FDC-42A3-9474-1A3956D46DE8}") = "Investiments", "Investiments", "{F6DA63BF-8EFC-4CD5-B05C-049678F91F14}"
EndProject
Project("{FAE04EC0-301F-11D3-BF4B-00C04F79EFBC}") = "Bonds.RestApi.UnitTests", "test\Bonds.RestApi.UnitTests\Bonds.RestApi.UnitTests.csproj", "{3EF3045B-A657-40EB-BA5E-B6A3F1A6EDE4}"
EndProject
Project("{FAE04EC0-301F-11D3-BF4B-00C04F79EFBC}") = "Investiments.RestApi.UnitTests", "test\Investiments.RestApi.UnitTests\Investiments.RestApi.UnitTests.csproj", "{9FE64E2C-9AF4-43EA-A9D9-4098043C311C}"
EndProject
Project("{FAE04EC0-301F-11D3-BF4B-00C04F79EFBC}") = "Investiments.Application.UnitTests", "test\Investiments.Application.UnitTests\Investiments.Application.UnitTests.csproj", "{6DDC9ED4-3B9A-4D85-9BA4-F04FB826C392}"
EndProject
Project("{FAE04EC0-301F-11D3-BF4B-00C04F79EFBC}") = "Stocks.RestApi.UnitTests", "test\Stocks.RestApi.UnitTests\Stocks.RestApi.UnitTests.csproj", "{5274C240-E9F1-4BC0-A08B-E0FBA75952A8}"
EndProject
Project("{FAE04EC0-301F-11D3-BF4B-00C04F79EFBC}") = "Wallets.RestApi.UnitTests", "test\Wallets.RestApi.UnitTests\Wallets.RestApi.UnitTests.csproj", "{0A120FD6-C4CD-4C21-ADEF-1DA8141422C0}"
EndProject
Global
	GlobalSection(SolutionConfigurationPlatforms) = preSolution
		Debug|Any CPU = Debug|Any CPU
		Release|Any CPU = Release|Any CPU
	EndGlobalSection
	GlobalSection(ProjectConfigurationPlatforms) = postSolution
		{786298F8-5837-4651-91A4-D4F37CD8EC6D}.Debug|Any CPU.ActiveCfg = Debug|Any CPU
		{786298F8-5837-4651-91A4-D4F37CD8EC6D}.Debug|Any CPU.Build.0 = Debug|Any CPU
		{786298F8-5837-4651-91A4-D4F37CD8EC6D}.Release|Any CPU.ActiveCfg = Release|Any CPU
		{786298F8-5837-4651-91A4-D4F37CD8EC6D}.Release|Any CPU.Build.0 = Release|Any CPU
		{D983FE28-1BDD-48E7-B18B-D3EDB755DB2A}.Debug|Any CPU.ActiveCfg = Debug|Any CPU
		{D983FE28-1BDD-48E7-B18B-D3EDB755DB2A}.Debug|Any CPU.Build.0 = Debug|Any CPU
		{D983FE28-1BDD-48E7-B18B-D3EDB755DB2A}.Release|Any CPU.ActiveCfg = Release|Any CPU
		{D983FE28-1BDD-48E7-B18B-D3EDB755DB2A}.Release|Any CPU.Build.0 = Release|Any CPU
		{9AF56747-4FB7-4540-BE14-8D92E8E06225}.Debug|Any CPU.ActiveCfg = Debug|Any CPU
		{9AF56747-4FB7-4540-BE14-8D92E8E06225}.Debug|Any CPU.Build.0 = Debug|Any CPU
		{9AF56747-4FB7-4540-BE14-8D92E8E06225}.Release|Any CPU.ActiveCfg = Release|Any CPU
		{9AF56747-4FB7-4540-BE14-8D92E8E06225}.Release|Any CPU.Build.0 = Release|Any CPU
		{3625D455-84D4-4303-A3D7-16A3FCC83603}.Debug|Any CPU.ActiveCfg = Debug|Any CPU
		{3625D455-84D4-4303-A3D7-16A3FCC83603}.Debug|Any CPU.Build.0 = Debug|Any CPU
		{3625D455-84D4-4303-A3D7-16A3FCC83603}.Release|Any CPU.ActiveCfg = Release|Any CPU
		{3625D455-84D4-4303-A3D7-16A3FCC83603}.Release|Any CPU.Build.0 = Release|Any CPU
		{804C8AE7-ABBA-4FE4-B363-A29FD490E527}.Debug|Any CPU.ActiveCfg = Debug|Any CPU
		{804C8AE7-ABBA-4FE4-B363-A29FD490E527}.Debug|Any CPU.Build.0 = Debug|Any CPU
		{804C8AE7-ABBA-4FE4-B363-A29FD490E527}.Release|Any CPU.ActiveCfg = Release|Any CPU
		{804C8AE7-ABBA-4FE4-B363-A29FD490E527}.Release|Any CPU.Build.0 = Release|Any CPU
		{90D4708E-27CD-41AD-A2E1-F4DA403FC8C1}.Debug|Any CPU.ActiveCfg = Debug|Any CPU
		{90D4708E-27CD-41AD-A2E1-F4DA403FC8C1}.Debug|Any CPU.Build.0 = Debug|Any CPU
		{90D4708E-27CD-41AD-A2E1-F4DA403FC8C1}.Release|Any CPU.ActiveCfg = Release|Any CPU
		{90D4708E-27CD-41AD-A2E1-F4DA403FC8C1}.Release|Any CPU.Build.0 = Release|Any CPU
		{980F0450-7345-4280-BE2E-EAD97710FF90}.Debug|Any CPU.ActiveCfg = Debug|Any CPU
		{980F0450-7345-4280-BE2E-EAD97710FF90}.Debug|Any CPU.Build.0 = Debug|Any CPU
		{980F0450-7345-4280-BE2E-EAD97710FF90}.Release|Any CPU.ActiveCfg = Release|Any CPU
		{980F0450-7345-4280-BE2E-EAD97710FF90}.Release|Any CPU.Build.0 = Release|Any CPU
		{F3397745-2000-4539-80E6-5D534F6146F8}.Debug|Any CPU.ActiveCfg = Debug|Any CPU
		{F3397745-2000-4539-80E6-5D534F6146F8}.Debug|Any CPU.Build.0 = Debug|Any CPU
		{F3397745-2000-4539-80E6-5D534F6146F8}.Release|Any CPU.ActiveCfg = Release|Any CPU
		{F3397745-2000-4539-80E6-5D534F6146F8}.Release|Any CPU.Build.0 = Release|Any CPU
		{BE9E7754-A74C-4A9A-88B0-93B88697C4BB}.Debug|Any CPU.ActiveCfg = Debug|Any CPU
		{BE9E7754-A74C-4A9A-88B0-93B88697C4BB}.Debug|Any CPU.Build.0 = Debug|Any CPU
		{BE9E7754-A74C-4A9A-88B0-93B88697C4BB}.Release|Any CPU.ActiveCfg = Release|Any CPU
		{BE9E7754-A74C-4A9A-88B0-93B88697C4BB}.Release|Any CPU.Build.0 = Release|Any CPU
		{6C36E329-A7C7-4F17-A3B1-2ED301817DF1}.Debug|Any CPU.ActiveCfg = Debug|Any CPU
		{6C36E329-A7C7-4F17-A3B1-2ED301817DF1}.Debug|Any CPU.Build.0 = Debug|Any CPU
		{6C36E329-A7C7-4F17-A3B1-2ED301817DF1}.Release|Any CPU.ActiveCfg = Release|Any CPU
		{6C36E329-A7C7-4F17-A3B1-2ED301817DF1}.Release|Any CPU.Build.0 = Release|Any CPU
		{AADEC010-4BC1-4A68-BA4F-9917CA22B514}.Debug|Any CPU.ActiveCfg = Debug|Any CPU
		{AADEC010-4BC1-4A68-BA4F-9917CA22B514}.Debug|Any CPU.Build.0 = Debug|Any CPU
		{AADEC010-4BC1-4A68-BA4F-9917CA22B514}.Release|Any CPU.ActiveCfg = Release|Any CPU
		{AADEC010-4BC1-4A68-BA4F-9917CA22B514}.Release|Any CPU.Build.0 = Release|Any CPU
		{E4A5E0BA-1142-4B7D-8D6E-81049C985031}.Debug|Any CPU.ActiveCfg = Debug|Any CPU
		{E4A5E0BA-1142-4B7D-8D6E-81049C985031}.Debug|Any CPU.Build.0 = Debug|Any CPU
		{E4A5E0BA-1142-4B7D-8D6E-81049C985031}.Release|Any CPU.ActiveCfg = Release|Any CPU
		{E4A5E0BA-1142-4B7D-8D6E-81049C985031}.Release|Any CPU.Build.0 = Release|Any CPU
		{EBE366E0-0626-4C3B-AB45-093FD1E089F0}.Debug|Any CPU.ActiveCfg = Debug|Any CPU
		{EBE366E0-0626-4C3B-AB45-093FD1E089F0}.Debug|Any CPU.Build.0 = Debug|Any CPU
		{EBE366E0-0626-4C3B-AB45-093FD1E089F0}.Release|Any CPU.ActiveCfg = Release|Any CPU
		{EBE366E0-0626-4C3B-AB45-093FD1E089F0}.Release|Any CPU.Build.0 = Release|Any CPU
		{29E8EDDF-189C-45C7-B685-99FD93D04DEB}.Debug|Any CPU.ActiveCfg = Debug|Any CPU
		{29E8EDDF-189C-45C7-B685-99FD93D04DEB}.Debug|Any CPU.Build.0 = Debug|Any CPU
		{29E8EDDF-189C-45C7-B685-99FD93D04DEB}.Release|Any CPU.ActiveCfg = Release|Any CPU
		{29E8EDDF-189C-45C7-B685-99FD93D04DEB}.Release|Any CPU.Build.0 = Release|Any CPU
		{F16A7FBE-6B02-4429-A1B5-1CA368B73406}.Debug|Any CPU.ActiveCfg = Debug|Any CPU
		{F16A7FBE-6B02-4429-A1B5-1CA368B73406}.Debug|Any CPU.Build.0 = Debug|Any CPU
		{F16A7FBE-6B02-4429-A1B5-1CA368B73406}.Release|Any CPU.ActiveCfg = Release|Any CPU
		{F16A7FBE-6B02-4429-A1B5-1CA368B73406}.Release|Any CPU.Build.0 = Release|Any CPU
		{D6BCC499-2BEA-4EE6-BBA6-9A3EE042F8C5}.Debug|Any CPU.ActiveCfg = Debug|Any CPU
		{D6BCC499-2BEA-4EE6-BBA6-9A3EE042F8C5}.Debug|Any CPU.Build.0 = Debug|Any CPU
		{D6BCC499-2BEA-4EE6-BBA6-9A3EE042F8C5}.Release|Any CPU.ActiveCfg = Release|Any CPU
		{D6BCC499-2BEA-4EE6-BBA6-9A3EE042F8C5}.Release|Any CPU.Build.0 = Release|Any CPU
		{4A6E1269-FC03-4C7E-B171-3342C05DD428}.Debug|Any CPU.ActiveCfg = Debug|Any CPU
		{4A6E1269-FC03-4C7E-B171-3342C05DD428}.Debug|Any CPU.Build.0 = Debug|Any CPU
		{4A6E1269-FC03-4C7E-B171-3342C05DD428}.Release|Any CPU.ActiveCfg = Release|Any CPU
		{4A6E1269-FC03-4C7E-B171-3342C05DD428}.Release|Any CPU.Build.0 = Release|Any CPU
		{D1BC9F87-55CE-48E7-A544-43F5D497E7BF}.Debug|Any CPU.ActiveCfg = Debug|Any CPU
		{D1BC9F87-55CE-48E7-A544-43F5D497E7BF}.Debug|Any CPU.Build.0 = Debug|Any CPU
		{D1BC9F87-55CE-48E7-A544-43F5D497E7BF}.Release|Any CPU.ActiveCfg = Release|Any CPU
		{D1BC9F87-55CE-48E7-A544-43F5D497E7BF}.Release|Any CPU.Build.0 = Release|Any CPU
		{74719448-1D0D-4064-909C-A1A779FCF316}.Debug|Any CPU.ActiveCfg = Debug|Any CPU
		{74719448-1D0D-4064-909C-A1A779FCF316}.Debug|Any CPU.Build.0 = Debug|Any CPU
		{74719448-1D0D-4064-909C-A1A779FCF316}.Release|Any CPU.ActiveCfg = Release|Any CPU
		{74719448-1D0D-4064-909C-A1A779FCF316}.Release|Any CPU.Build.0 = Release|Any CPU
		{68BF0885-E9D2-4AD3-A4E9-D894EFF0054D}.Debug|Any CPU.ActiveCfg = Debug|Any CPU
		{68BF0885-E9D2-4AD3-A4E9-D894EFF0054D}.Debug|Any CPU.Build.0 = Debug|Any CPU
		{68BF0885-E9D2-4AD3-A4E9-D894EFF0054D}.Release|Any CPU.ActiveCfg = Release|Any CPU
		{68BF0885-E9D2-4AD3-A4E9-D894EFF0054D}.Release|Any CPU.Build.0 = Release|Any CPU
		{05656916-6E75-4C08-AD3D-75DFB1A6A252}.Debug|Any CPU.ActiveCfg = Debug|Any CPU
		{05656916-6E75-4C08-AD3D-75DFB1A6A252}.Debug|Any CPU.Build.0 = Debug|Any CPU
		{05656916-6E75-4C08-AD3D-75DFB1A6A252}.Release|Any CPU.ActiveCfg = Release|Any CPU
		{05656916-6E75-4C08-AD3D-75DFB1A6A252}.Release|Any CPU.Build.0 = Release|Any CPU
		{3EF3045B-A657-40EB-BA5E-B6A3F1A6EDE4}.Debug|Any CPU.ActiveCfg = Debug|Any CPU
		{3EF3045B-A657-40EB-BA5E-B6A3F1A6EDE4}.Debug|Any CPU.Build.0 = Debug|Any CPU
		{3EF3045B-A657-40EB-BA5E-B6A3F1A6EDE4}.Release|Any CPU.ActiveCfg = Release|Any CPU
		{3EF3045B-A657-40EB-BA5E-B6A3F1A6EDE4}.Release|Any CPU.Build.0 = Release|Any CPU
		{9FE64E2C-9AF4-43EA-A9D9-4098043C311C}.Debug|Any CPU.ActiveCfg = Debug|Any CPU
		{9FE64E2C-9AF4-43EA-A9D9-4098043C311C}.Debug|Any CPU.Build.0 = Debug|Any CPU
		{9FE64E2C-9AF4-43EA-A9D9-4098043C311C}.Release|Any CPU.ActiveCfg = Release|Any CPU
		{9FE64E2C-9AF4-43EA-A9D9-4098043C311C}.Release|Any CPU.Build.0 = Release|Any CPU
		{6DDC9ED4-3B9A-4D85-9BA4-F04FB826C392}.Debug|Any CPU.ActiveCfg = Debug|Any CPU
		{6DDC9ED4-3B9A-4D85-9BA4-F04FB826C392}.Debug|Any CPU.Build.0 = Debug|Any CPU
		{6DDC9ED4-3B9A-4D85-9BA4-F04FB826C392}.Release|Any CPU.ActiveCfg = Release|Any CPU
		{6DDC9ED4-3B9A-4D85-9BA4-F04FB826C392}.Release|Any CPU.Build.0 = Release|Any CPU
		{5274C240-E9F1-4BC0-A08B-E0FBA75952A8}.Debug|Any CPU.ActiveCfg = Debug|Any CPU
		{5274C240-E9F1-4BC0-A08B-E0FBA75952A8}.Debug|Any CPU.Build.0 = Debug|Any CPU
		{5274C240-E9F1-4BC0-A08B-E0FBA75952A8}.Release|Any CPU.ActiveCfg = Release|Any CPU
		{5274C240-E9F1-4BC0-A08B-E0FBA75952A8}.Release|Any CPU.Build.0 = Release|Any CPU
		{0A120FD6-C4CD-4C21-ADEF-1DA8141422C0}.Debug|Any CPU.ActiveCfg = Debug|Any CPU
		{0A120FD6-C4CD-4C21-ADEF-1DA8141422C0}.Debug|Any CPU.Build.0 = Debug|Any CPU
		{0A120FD6-C4CD-4C21-ADEF-1DA8141422C0}.Release|Any CPU.ActiveCfg = Release|Any CPU
		{0A120FD6-C4CD-4C21-ADEF-1DA8141422C0}.Release|Any CPU.Build.0 = Release|Any CPU
	EndGlobalSection
	GlobalSection(SolutionProperties) = preSolution
		HideSolutionNode = FALSE
	EndGlobalSection
	GlobalSection(NestedProjects) = preSolution
		{FA048A95-B928-41D5-B1AF-1A82630FC339} = {9AB1190B-AC85-45DF-89B8-17C6EAA4A3EA}
		{CCB307D0-76B5-4B02-A083-C30FDA8686B4} = {9AB1190B-AC85-45DF-89B8-17C6EAA4A3EA}
		{A812C72C-42E7-4AEC-9B29-ECC95427F819} = {9AB1190B-AC85-45DF-89B8-17C6EAA4A3EA}
		{92E21683-1AAB-4571-BA96-AD82F6119C25} = {9AB1190B-AC85-45DF-89B8-17C6EAA4A3EA}
		{AED1358D-6251-44C8-8F61-DA5F65D1DAF9} = {9AB1190B-AC85-45DF-89B8-17C6EAA4A3EA}
		{786298F8-5837-4651-91A4-D4F37CD8EC6D} = {AED1358D-6251-44C8-8F61-DA5F65D1DAF9}
		{D983FE28-1BDD-48E7-B18B-D3EDB755DB2A} = {AED1358D-6251-44C8-8F61-DA5F65D1DAF9}
		{AE251FCB-B538-450F-9867-4C4E5E6822F6} = {9AB1190B-AC85-45DF-89B8-17C6EAA4A3EA}
		{99F139CC-66A7-4133-BAC4-D60877F3FB2D} = {9AB1190B-AC85-45DF-89B8-17C6EAA4A3EA}
		{9AF56747-4FB7-4540-BE14-8D92E8E06225} = {99F139CC-66A7-4133-BAC4-D60877F3FB2D}
		{3625D455-84D4-4303-A3D7-16A3FCC83603} = {99F139CC-66A7-4133-BAC4-D60877F3FB2D}
		{804C8AE7-ABBA-4FE4-B363-A29FD490E527} = {92E21683-1AAB-4571-BA96-AD82F6119C25}
		{90D4708E-27CD-41AD-A2E1-F4DA403FC8C1} = {A812C72C-42E7-4AEC-9B29-ECC95427F819}
		{980F0450-7345-4280-BE2E-EAD97710FF90} = {CCB307D0-76B5-4B02-A083-C30FDA8686B4}
		{F3397745-2000-4539-80E6-5D534F6146F8} = {A812C72C-42E7-4AEC-9B29-ECC95427F819}
		{BE9E7754-A74C-4A9A-88B0-93B88697C4BB} = {FA048A95-B928-41D5-B1AF-1A82630FC339}
		{6C36E329-A7C7-4F17-A3B1-2ED301817DF1} = {CCB307D0-76B5-4B02-A083-C30FDA8686B4}
		{AADEC010-4BC1-4A68-BA4F-9917CA22B514} = {92E21683-1AAB-4571-BA96-AD82F6119C25}
		{E4A5E0BA-1142-4B7D-8D6E-81049C985031} = {AE251FCB-B538-450F-9867-4C4E5E6822F6}
		{EBE366E0-0626-4C3B-AB45-093FD1E089F0} = {FA048A95-B928-41D5-B1AF-1A82630FC339}
		{29E8EDDF-189C-45C7-B685-99FD93D04DEB} = {99F139CC-66A7-4133-BAC4-D60877F3FB2D}
		{F16A7FBE-6B02-4429-A1B5-1CA368B73406} = {CCB307D0-76B5-4B02-A083-C30FDA8686B4}
		{D6BCC499-2BEA-4EE6-BBA6-9A3EE042F8C5} = {92E21683-1AAB-4571-BA96-AD82F6119C25}
		{4A6E1269-FC03-4C7E-B171-3342C05DD428} = {A812C72C-42E7-4AEC-9B29-ECC95427F819}
		{D1BC9F87-55CE-48E7-A544-43F5D497E7BF} = {FA048A95-B928-41D5-B1AF-1A82630FC339}
		{74719448-1D0D-4064-909C-A1A779FCF316} = {2B767C58-FC6A-40F5-B7B4-091010C1F129}
		{2B767C58-FC6A-40F5-B7B4-091010C1F129} = {DFF25B1E-2085-42D3-AB6C-DBA76EB05848}
		{B6827371-A881-4F42-82A6-8005209424EF} = {DFF25B1E-2085-42D3-AB6C-DBA76EB05848}
		{68BF0885-E9D2-4AD3-A4E9-D894EFF0054D} = {B6827371-A881-4F42-82A6-8005209424EF}
		{E4ED6199-B5A7-4E9B-B343-A5854B89F160} = {DFF25B1E-2085-42D3-AB6C-DBA76EB05848}
		{05656916-6E75-4C08-AD3D-75DFB1A6A252} = {E4ED6199-B5A7-4E9B-B343-A5854B89F160}
		{F6DA63BF-8EFC-4CD5-B05C-049678F91F14} = {DFF25B1E-2085-42D3-AB6C-DBA76EB05848}
		{3EF3045B-A657-40EB-BA5E-B6A3F1A6EDE4} = {2B767C58-FC6A-40F5-B7B4-091010C1F129}
		{9FE64E2C-9AF4-43EA-A9D9-4098043C311C} = {F6DA63BF-8EFC-4CD5-B05C-049678F91F14}
		{6DDC9ED4-3B9A-4D85-9BA4-F04FB826C392} = {F6DA63BF-8EFC-4CD5-B05C-049678F91F14}
		{5274C240-E9F1-4BC0-A08B-E0FBA75952A8} = {E4ED6199-B5A7-4E9B-B343-A5854B89F160}
		{0A120FD6-C4CD-4C21-ADEF-1DA8141422C0} = {B6827371-A881-4F42-82A6-8005209424EF}
	EndGlobalSection
	GlobalSection(ExtensibilityGlobals) = postSolution
		SolutionGuid = {4F08FC22-1991-46B4-BA68-19561627FA4C}
	EndGlobalSection
EndGlobal
